
Microsoft Visual Studio Solution File, Format Version 12.00
# Visual Studio Version 17
VisualStudioVersion = 17.14.36705.20 d17.14
MinimumVisualStudioVersion = 10.0.40219.1
Project("{FAE04EC0-301F-11D3-BF4B-00C04F79EFBC}") = "Task Manager", "Task Manager\Task Manager.csproj", "{D4B0637F-83A7-416E-8DC0-8AE1EDAE52EC}"
EndProject
Global
	GlobalSection(SolutionConfigurationPlatforms) = preSolution
		Debug|Any CPU = Debug|Any CPU
		Release|Any CPU = Release|Any CPU
	EndGlobalSection
	GlobalSection(ProjectConfigurationPlatforms) = postSolution
		{D4B0637F-83A7-416E-8DC0-8AE1EDAE52EC}.Debug|Any CPU.ActiveCfg = Debug|Any CPU
		{D4B0637F-83A7-416E-8DC0-8AE1EDAE52EC}.Debug|Any CPU.Build.0 = Debug|Any CPU
		{D4B0637F-83A7-416E-8DC0-8AE1EDAE52EC}.Release|Any CPU.ActiveCfg = Release|Any CPU
		{D4B0637F-83A7-416E-8DC0-8AE1EDAE52EC}.Release|Any CPU.Build.0 = Release|Any CPU
	EndGlobalSection
	GlobalSection(SolutionProperties) = preSolution
		HideSolutionNode = FALSE
	EndGlobalSection
	GlobalSection(ExtensibilityGlobals) = postSolution
		SolutionGuid = {B05404C1-CC04-4174-97D9-42AB8D14DE89}
	EndGlobalSection
EndGlobal
